
Microsoft Visual Studio Solution File, Format Version 12.00
# Visual Studio Version 17
VisualStudioVersion = 17.3.32922.545
MinimumVisualStudioVersion = 10.0.40219.1
Project("{8BC9CEB8-8B4A-11D0-8D11-00A0C91BC942}") = "Hungarian", "Hungarian\Hungarian.vcxproj", "{9E4D0F20-0230-4DEA-8546-29BE66F7036B}"
EndProject
Global
	GlobalSection(SolutionConfigurationPlatforms) = preSolution
		Debug|x64 = Debug|x64
		Debug|x86 = Debug|x86
		Release|x64 = Release|x64
		Release|x86 = Release|x86
	EndGlobalSection
	GlobalSection(ProjectConfigurationPlatforms) = postSolution
		{9E4D0F20-0230-4DEA-8546-29BE66F7036B}.Debug|x64.ActiveCfg = Debug|x64
		{9E4D0F20-0230-4DEA-8546-29BE66F7036B}.Debug|x64.Build.0 = Debug|x64
		{9E4D0F20-0230-4DEA-8546-29BE66F7036B}.Debug|x86.ActiveCfg = Debug|Win32
		{9E4D0F20-0230-4DEA-8546-29BE66F7036B}.Debug|x86.Build.0 = Debug|Win32
		{9E4D0F20-0230-4DEA-8546-29BE66F7036B}.Release|x64.ActiveCfg = Release|x64
		{9E4D0F20-0230-4DEA-8546-29BE66F7036B}.Release|x64.Build.0 = Release|x64
		{9E4D0F20-0230-4DEA-8546-29BE66F7036B}.Release|x86.ActiveCfg = Release|Win32
		{9E4D0F20-0230-4DEA-8546-29BE66F7036B}.Release|x86.Build.0 = Release|Win32
	EndGlobalSection
	GlobalSection(SolutionProperties) = preSolution
		HideSolutionNode = FALSE
	EndGlobalSection
	GlobalSection(ExtensibilityGlobals) = postSolution
		SolutionGuid = {E97583F9-9919-4AF4-A5F4-461D6766D938}
	EndGlobalSection
EndGlobal
